
Microsoft Visual Studio Solution File, Format Version 12.00
Project("{FAE04EC0-301F-11D3-BF4B-00C04F79EFBC}") = "Day3.2", "Day3.2.csproj", "{F665E9AE-769A-443E-899C-4CF2BB3F2DCA}"
EndProject
Global
	GlobalSection(SolutionConfigurationPlatforms) = preSolution
		Debug|Any CPU = Debug|Any CPU
		Release|Any CPU = Release|Any CPU
	EndGlobalSection
	GlobalSection(ProjectConfigurationPlatforms) = postSolution
		{F665E9AE-769A-443E-899C-4CF2BB3F2DCA}.Debug|Any CPU.ActiveCfg = Debug|Any CPU
		{F665E9AE-769A-443E-899C-4CF2BB3F2DCA}.Debug|Any CPU.Build.0 = Debug|Any CPU
		{F665E9AE-769A-443E-899C-4CF2BB3F2DCA}.Release|Any CPU.ActiveCfg = Release|Any CPU
		{F665E9AE-769A-443E-899C-4CF2BB3F2DCA}.Release|Any CPU.Build.0 = Release|Any CPU
	EndGlobalSection
EndGlobal
